
Microsoft Visual Studio Solution File, Format Version 12.00
# Visual Studio Version 17
VisualStudioVersion = 17.3.32901.215
MinimumVisualStudioVersion = 10.0.40219.1
Project("{FAE04EC0-301F-11D3-BF4B-00C04F79EFBC}") = "PL", "PL\PL.csproj", "{7B56C1CC-CE38-4302-94C7-B0C32C798E6D}"
EndProject
Global
	GlobalSection(SolutionConfigurationPlatforms) = preSolution
		Debug|Any CPU = Debug|Any CPU
		Release|Any CPU = Release|Any CPU
	EndGlobalSection
	GlobalSection(ProjectConfigurationPlatforms) = postSolution
		{7B56C1CC-CE38-4302-94C7-B0C32C798E6D}.Debug|Any CPU.ActiveCfg = Debug|Any CPU
		{7B56C1CC-CE38-4302-94C7-B0C32C798E6D}.Debug|Any CPU.Build.0 = Debug|Any CPU
		{7B56C1CC-CE38-4302-94C7-B0C32C798E6D}.Release|Any CPU.ActiveCfg = Release|Any CPU
		{7B56C1CC-CE38-4302-94C7-B0C32C798E6D}.Release|Any CPU.Build.0 = Release|Any CPU
	EndGlobalSection
	GlobalSection(SolutionProperties) = preSolution
		HideSolutionNode = FALSE
	EndGlobalSection
	GlobalSection(ExtensibilityGlobals) = postSolution
		SolutionGuid = {C96F99DF-2B62-4217-A632-E7F358C5086C}
	EndGlobalSection
EndGlobal
